
Microsoft Visual Studio Solution File, Format Version 11.00
# Visual Studio 2010
Project("{FAE04EC0-301F-11D3-BF4B-00C04F79EFBC}") = "AstarPathfindingProject", "AstarPathfindingProject.csproj", "{3624176A-6BCD-1A0A-8F46-A58D7B1FE3B4}"
EndProject
Project("{FAE04EC0-301F-11D3-BF4B-00C04F79EFBC}") = "Assembly-CSharp", "Assembly-CSharp.csproj", "{B61FAF58-A0C2-2A9C-3328-66D9DF7EDCAA}"
EndProject
Project("{FAE04EC0-301F-11D3-BF4B-00C04F79EFBC}") = "PackageToolsEditor", "PackageToolsEditor.csproj", "{A796619A-1F3E-6EF8-D3E3-0708E857D76D}"
EndProject
Project("{FAE04EC0-301F-11D3-BF4B-00C04F79EFBC}") = "AstarPathfindingProjectEditor", "AstarPathfindingProjectEditor.csproj", "{68156577-A8C9-A960-0EFB-C79B300767C7}"
EndProject
Global
	GlobalSection(SolutionConfigurationPlatforms) = preSolution
		Debug|Any CPU = Debug|Any CPU
		Release|Any CPU = Release|Any CPU
	EndGlobalSection
	GlobalSection(ProjectConfigurationPlatforms) = postSolution
		{3624176A-6BCD-1A0A-8F46-A58D7B1FE3B4}.Debug|Any CPU.ActiveCfg = Debug|Any CPU
		{3624176A-6BCD-1A0A-8F46-A58D7B1FE3B4}.Debug|Any CPU.Build.0 = Debug|Any CPU
		{3624176A-6BCD-1A0A-8F46-A58D7B1FE3B4}.Release|Any CPU.ActiveCfg = Release|Any CPU
		{3624176A-6BCD-1A0A-8F46-A58D7B1FE3B4}.Release|Any CPU.Build.0 = Release|Any CPU
		{B61FAF58-A0C2-2A9C-3328-66D9DF7EDCAA}.Debug|Any CPU.ActiveCfg = Debug|Any CPU
		{B61FAF58-A0C2-2A9C-3328-66D9DF7EDCAA}.Debug|Any CPU.Build.0 = Debug|Any CPU
		{B61FAF58-A0C2-2A9C-3328-66D9DF7EDCAA}.Release|Any CPU.ActiveCfg = Release|Any CPU
		{B61FAF58-A0C2-2A9C-3328-66D9DF7EDCAA}.Release|Any CPU.Build.0 = Release|Any CPU
		{A796619A-1F3E-6EF8-D3E3-0708E857D76D}.Debug|Any CPU.ActiveCfg = Debug|Any CPU
		{A796619A-1F3E-6EF8-D3E3-0708E857D76D}.Debug|Any CPU.Build.0 = Debug|Any CPU
		{A796619A-1F3E-6EF8-D3E3-0708E857D76D}.Release|Any CPU.ActiveCfg = Release|Any CPU
		{A796619A-1F3E-6EF8-D3E3-0708E857D76D}.Release|Any CPU.Build.0 = Release|Any CPU
		{68156577-A8C9-A960-0EFB-C79B300767C7}.Debug|Any CPU.ActiveCfg = Debug|Any CPU
		{68156577-A8C9-A960-0EFB-C79B300767C7}.Debug|Any CPU.Build.0 = Debug|Any CPU
		{68156577-A8C9-A960-0EFB-C79B300767C7}.Release|Any CPU.ActiveCfg = Release|Any CPU
		{68156577-A8C9-A960-0EFB-C79B300767C7}.Release|Any CPU.Build.0 = Release|Any CPU
	EndGlobalSection
	GlobalSection(SolutionProperties) = preSolution
		HideSolutionNode = FALSE
	EndGlobalSection
EndGlobal
